
Microsoft Visual Studio Solution File, Format Version 12.00
# Visual Studio Version 17
VisualStudioVersion = 17.14.36518.9 d17.14
MinimumVisualStudioVersion = 10.0.40219.1
Project("{FAE04EC0-301F-11D3-BF4B-00C04F79EFBC}") = "ONLINEVS_Project", "ONLINEVS_Project\ONLINEVS_Project.csproj", "{3CBC42B9-F553-4DCB-9C15-744329E7FBE8}"
EndProject
Global
	GlobalSection(SolutionConfigurationPlatforms) = preSolution
		Debug|Any CPU = Debug|Any CPU
		Release|Any CPU = Release|Any CPU
	EndGlobalSection
	GlobalSection(ProjectConfigurationPlatforms) = postSolution
		{3CBC42B9-F553-4DCB-9C15-744329E7FBE8}.Debug|Any CPU.ActiveCfg = Debug|Any CPU
		{3CBC42B9-F553-4DCB-9C15-744329E7FBE8}.Debug|Any CPU.Build.0 = Debug|Any CPU
		{3CBC42B9-F553-4DCB-9C15-744329E7FBE8}.Release|Any CPU.ActiveCfg = Release|Any CPU
		{3CBC42B9-F553-4DCB-9C15-744329E7FBE8}.Release|Any CPU.Build.0 = Release|Any CPU
	EndGlobalSection
	GlobalSection(SolutionProperties) = preSolution
		HideSolutionNode = FALSE
	EndGlobalSection
	GlobalSection(ExtensibilityGlobals) = postSolution
		SolutionGuid = {E497A74E-8508-4983-A880-DF55B05B4ACC}
	EndGlobalSection
EndGlobal
